lockfileVersion: '9.0'

settings:
  autoInstallPeers: true
  excludeLinksFromLockfile: false

importers:

  .:
    devDependencies:
      turbo:
        specifier: ^2.0.4
        version: 2.0.4

  config/prettier:
    devDependencies:
      prettier:
        specifier: ^3.3.2
        version: 3.3.2
      prettier-plugin-tailwindcss:
        specifier: ^0.6.5
        version: 0.6.5(prettier@3.3.2)

packages:

  prettier-plugin-tailwindcss@0.6.5:
    resolution: {integrity: sha512-axfeOArc/RiGHjOIy9HytehlC0ZLeMaqY09mm8YCkMzznKiDkwFzOpBvtuhuv3xG5qB73+Mj7OCe2j/L1ryfuQ==}
    engines: {node: '>=14.21.3'}
    peerDependencies:
      '@ianvs/prettier-plugin-sort-imports': '*'
      '@prettier/plugin-pug': '*'
      '@shopify/prettier-plugin-liquid': '*'
      '@trivago/prettier-plugin-sort-imports': '*'
      '@zackad/prettier-plugin-twig-melody': '*'
      prettier: ^3.0
      prettier-plugin-astro: '*'
      prettier-plugin-css-order: '*'
      prettier-plugin-import-sort: '*'
      prettier-plugin-jsdoc: '*'
      prettier-plugin-marko: '*'
      prettier-plugin-organize-attributes: '*'
      prettier-plugin-organize-imports: '*'
      prettier-plugin-sort-imports: '*'
      prettier-plugin-style-order: '*'
      prettier-plugin-svelte: '*'
    peerDependenciesMeta:
      '@ianvs/prettier-plugin-sort-imports':
        optional: true
      '@prettier/plugin-pug':
        optional: true
      '@shopify/prettier-plugin-liquid':
        optional: true
      '@trivago/prettier-plugin-sort-imports':
        optional: true
      '@zackad/prettier-plugin-twig-melody':
        optional: true
      prettier-plugin-astro:
        optional: true
      prettier-plugin-css-order:
        optional: true
      prettier-plugin-import-sort:
        optional: true
      prettier-plugin-jsdoc:
        optional: true
      prettier-plugin-marko:
        optional: true
      prettier-plugin-organize-attributes:
        optional: true
      prettier-plugin-organize-imports:
        optional: true
      prettier-plugin-sort-imports:
        optional: true
      prettier-plugin-style-order:
        optional: true
      prettier-plugin-svelte:
        optional: true

  prettier@3.3.2:
    resolution: {integrity: sha512-rAVeHYMcv8ATV5d508CFdn+8/pHPpXeIid1DdrPwXnaAdH7cqjVbpJaT5eq4yRAFU/lsbwYwSF/n5iNrdJHPQA==}
    engines: {node: '>=14'}
    hasBin: true

  turbo-darwin-64@2.0.4:
    resolution: {integrity: sha512-x9mvmh4wudBstML8Z8IOmokLWglIhSfhQwnh2gBCSqabgVBKYvzl8Y+i+UCNPxheCGTgtsPepTcIaKBIyFIcvw==}
    cpu: [x64]
    os: [darwin]

  turbo-darwin-arm64@2.0.4:
    resolution: {integrity: sha512-/B1Ih8zPRGVw5vw4SlclOf3C/woJ/2T6ieH6u54KT4wypoaVyaiyMqBcziIXycdObIYr7jQ+raHO7q3mhay9/A==}
    cpu: [arm64]
    os: [darwin]

  turbo-linux-64@2.0.4:
    resolution: {integrity: sha512-6aG670e5zOWu6RczEYcB81nEl8EhiGJEvWhUrnAfNEUIMBEH1pR5SsMmG2ol5/m3PgiRM12r13dSqTxCLcHrVg==}
    cpu: [x64]
    os: [linux]

  turbo-linux-arm64@2.0.4:
    resolution: {integrity: sha512-AXfVOjst+mCtPDFT4tCu08Qrfv12Nj7NDd33AjGwV79NYN1Y1rcFY59UQ4nO3ij3rbcvV71Xc+TZJ4csEvRCSg==}
    cpu: [arm64]
    os: [linux]

  turbo-windows-64@2.0.4:
    resolution: {integrity: sha512-QOnUR9hKl0T5gq5h1fAhVEqBSjpcBi/BbaO71YGQNgsr6pAnCQdbG8/r3MYXet53efM0KTdOhieWeO3KLNKybA==}
    cpu: [x64]
    os: [win32]

  turbo-windows-arm64@2.0.4:
    resolution: {integrity: sha512-3v8WpdZy1AxZw0gha0q3caZmm+0gveBQ40OspD6mxDBIS+oBtO5CkxhIXkFJJW+jDKmDlM7wXDIGfMEq+QyNCQ==}
    cpu: [arm64]
    os: [win32]

  turbo@2.0.4:
    resolution: {integrity: sha512-Ilme/2Q5kYw0AeRr+aw3s02+WrEYaY7U8vPnqSZU/jaDG/qd6jHVN6nRWyd/9KXvJGYM69vE6JImoGoyNjLwaw==}
    hasBin: true

snapshots:

  prettier-plugin-tailwindcss@0.6.5(prettier@3.3.2):
    dependencies:
      prettier: 3.3.2

  prettier@3.3.2: {}

  turbo-darwin-64@2.0.4:
    optional: true

  turbo-darwin-arm64@2.0.4:
    optional: true

  turbo-linux-64@2.0.4:
    optional: true

  turbo-linux-arm64@2.0.4:
    optional: true

  turbo-windows-64@2.0.4:
    optional: true

  turbo-windows-arm64@2.0.4:
    optional: true

  turbo@2.0.4:
    optionalDependencies:
      turbo-darwin-64: 2.0.4
      turbo-darwin-arm64: 2.0.4
      turbo-linux-64: 2.0.4
      turbo-linux-arm64: 2.0.4
      turbo-windows-64: 2.0.4
      turbo-windows-arm64: 2.0.4
